<?xml version="1.0" encoding="utf-8"?>
<Project ToolsVersion="4.0" xmlns="http://schemas.microsoft.com/developer/msbuild/2003">
  <ItemGroup>
    <Filter Include="Header Files">
      <UniqueIdentifier>{cf18c9bc-eaab-4416-8192-7eb4ac45003c}</UniqueIdentifier>
    </Filter>
    <Filter Include="Source Files">
      <UniqueIdentifier>{0dd61c5c-3caf-4d8a-8e95-af504341e04e}</UniqueIdentifier>
    </Filter>
    <Filter Include="Resource Files">
      <UniqueIdentifier>{2fba250d-9388-487a-bca9-cf56a655b0b4}</UniqueIdentifier>
    </Filter>
    <Filter Include="Source Files\4D">
      <UniqueIdentifier>{0c1068d3-df13-462f-80a2-6d0f55e3034b}</UniqueIdentifier>
    </Filter>
  </ItemGroup>
  <ItemGroup>
    <CudaCompile Include="Source.cu">
      <Filter>Source Files</Filter>
    </CudaCompile>
    <CudaCompile Include="Slice.cu">
      <Filter>Source Files\4D</Filter>
    </CudaCompile>
    <CudaCompile Include="Hyperplane.cu">
      <Filter>Source Files\4D</Filter>
    </CudaCompile>
    <CudaCompile Include="Line.cu">
      <Filter>Source Files\4D</Filter>
    </CudaCompile>
    <CudaCompile Include="Tetrahedron.cu">
      <Filter>Source Files\4D</Filter>
    </CudaCompile>
    <CudaCompile Include="Triangle.cu">
      <Filter>Source Files\4D</Filter>
    </CudaCompile>
    <CudaCompile Include="Vec3.cu">
      <Filter>Source Files\4D</Filter>
    </CudaCompile>
    <CudaCompile Include="Vec4.cu">
      <Filter>Source Files\4D</Filter>
    </CudaCompile>
    <CudaCompile Include="Vertex.cu">
      <Filter>Source Files\4D</Filter>
    </CudaCompile>
  </ItemGroup>
  <ItemGroup>
    <ClInclude Include="Camera.h">
      <Filter>Header Files</Filter>
    </ClInclude>
    <ClInclude Include="Mesh.h">
      <Filter>Header Files</Filter>
    </ClInclude>
    <ClInclude Include="Scene.h">
      <Filter>Header Files</Filter>
    </ClInclude>
    <ClInclude Include="Alien.h">
      <Filter>Header Files</Filter>
    </ClInclude>
    <ClInclude Include="TransformedShader.h">
      <Filter>Header Files</Filter>
    </ClInclude>
    <ClInclude Include="CameraViewShader.h">
      <Filter>Header Files</Filter>
    </ClInclude>
    <ClInclude Include="Shader.h">
      <Filter>Header Files</Filter>
    </ClInclude>
    <ClInclude Include="Maze.h">
      <Filter>Header Files</Filter>
    </ClInclude>
    <ClInclude Include="MazeCell.h">
      <Filter>Header Files</Filter>
    </ClInclude>
  </ItemGroup>
  <ItemGroup>
    <ClCompile Include="Camera.cpp">
      <Filter>Source Files</Filter>
    </ClCompile>
    <ClCompile Include="Shader.cpp">
      <Filter>Source Files</Filter>
    </ClCompile>
    <ClCompile Include="Cube.cpp">
      <Filter>Source Files\4D</Filter>
    </ClCompile>
    <ClCompile Include="Tesseract.cpp">
      <Filter>Source Files\4D</Filter>
    </ClCompile>
    <ClCompile Include="glad.c">
      <Filter>Source Files</Filter>
    </ClCompile>
    <ClCompile Include="BrickShader.cpp">
      <Filter>Source Files</Filter>
    </ClCompile>
    <ClCompile Include="BrickTexture.cpp">
      <Filter>Source Files</Filter>
    </ClCompile>
  </ItemGroup>
  <ItemGroup>
    <None Include="brickShader.frag">
      <Filter>Resource Files</Filter>
    </None>
    <None Include="brickShader.vert">
      <Filter>Resource Files</Filter>
    </None>
    <None Include="objShader.frag">
      <Filter>Resource Files</Filter>
    </None>
    <None Include="objShader.vert">
      <Filter>Resource Files</Filter>
    </None>
  </ItemGroup>
</Project>